
Microsoft Visual Studio Solution File, Format Version 12.00
# Visual Studio Version 16
VisualStudioVersion = 16.0.29613.14
MinimumVisualStudioVersion = 10.0.40219.1
Project("{FAE04EC0-301F-11D3-BF4B-00C04F79EFBC}") = "Helloword_core", "Helloword_core\Helloword_core.csproj", "{7F3E676F-BAEB-4B9A-AB3E-9233000E768C}"
EndProject
Global
	GlobalSection(SolutionConfigurationPlatforms) = preSolution
		Debug|Any CPU = Debug|Any CPU
		Release|Any CPU = Release|Any CPU
	EndGlobalSection
	GlobalSection(ProjectConfigurationPlatforms) = postSolution
		{7F3E676F-BAEB-4B9A-AB3E-9233000E768C}.Debug|Any CPU.ActiveCfg = Debug|Any CPU
		{7F3E676F-BAEB-4B9A-AB3E-9233000E768C}.Debug|Any CPU.Build.0 = Debug|Any CPU
		{7F3E676F-BAEB-4B9A-AB3E-9233000E768C}.Release|Any CPU.ActiveCfg = Release|Any CPU
		{7F3E676F-BAEB-4B9A-AB3E-9233000E768C}.Release|Any CPU.Build.0 = Release|Any CPU
	EndGlobalSection
	GlobalSection(SolutionProperties) = preSolution
		HideSolutionNode = FALSE
	EndGlobalSection
	GlobalSection(ExtensibilityGlobals) = postSolution
		SolutionGuid = {682729E0-0E3C-47D8-9D5F-EB4386640B22}
	EndGlobalSection
EndGlobal
